
Microsoft Visual Studio Solution File, Format Version 12.00
# Visual Studio Version 16
VisualStudioVersion = 16.0.30428.66
MinimumVisualStudioVersion = 10.0.40219.1
Project("{9A19103F-16F7-4668-BE54-9A1E7A4F7556}") = "SRAM.Comparison.SoE.Watchdog", "SRAM.Comparison.SoE.Watchdog.csproj", "{8D11C296-B595-46DA-A069-0519CC13A405}"
EndProject
Project("{9A19103F-16F7-4668-BE54-9A1E7A4F7556}") = "SRAM.Comparison.SoE", "..\SRAM.Comparison.SoE\SRAM.Comparison.SoE.csproj", "{E8FFC8D4-FE60-482B-BA68-CEFEDA9E6F5D}"
EndProject
Project("{9A19103F-16F7-4668-BE54-9A1E7A4F7556}") = "WRAM.Snes9x", "..\WRAM.Snes9x\WRAM.Snes9x.csproj", "{8CB155A8-F161-46C5-937C-CD28FAACE7D5}"
EndProject
Project("{9A19103F-16F7-4668-BE54-9A1E7A4F7556}") = "WRAM.Snes9x.SoE", "..\WRAM.Snes9x.SoE\WRAM.Snes9x.SoE.csproj", "{AB0D2D80-DB6F-4CEC-81FB-38834B9E9D8D}"
EndProject
Project("{9A19103F-16F7-4668-BE54-9A1E7A4F7556}") = "SRAM.Comparison", "..\SRAM.Comparison\SRAM.Comparison.csproj", "{BCAE58DA-13C3-420D-93FA-4DD11570D2C7}"
EndProject
Project("{9A19103F-16F7-4668-BE54-9A1E7A4F7556}") = "SRAM.SoE", "..\SRAM.SoE\SRAM.SoE.csproj", "{BB4CBB46-F55E-4929-919E-9D64448EF210}"
EndProject
Project("{9A19103F-16F7-4668-BE54-9A1E7A4F7556}") = "SRAM", "..\SRAM\SRAM.csproj", "{E51F0A00-B4CE-4C9F-8F96-DD65FD7AB615}"
EndProject
Project("{9A19103F-16F7-4668-BE54-9A1E7A4F7556}") = "IO", "..\IO\IO.csproj", "{EED36672-87D9-4E86-8FD5-5182B10415E1}"
EndProject
Project("{9A19103F-16F7-4668-BE54-9A1E7A4F7556}") = "SoE", "..\SoE\SoE.csproj", "{9AC39424-8BAD-4534-B060-F035F6FD027B}"
EndProject
Project("{9A19103F-16F7-4668-BE54-9A1E7A4F7556}") = "WRAM", "..\WRAM\WRAM.csproj", "{84B0E1E5-42D3-49CF-A39D-EF004FDF8156}"
EndProject
Global
	GlobalSection(SolutionConfigurationPlatforms) = preSolution
		Debug|Any CPU = Debug|Any CPU
		Release|Any CPU = Release|Any CPU
	EndGlobalSection
	GlobalSection(ProjectConfigurationPlatforms) = postSolution
		{8D11C296-B595-46DA-A069-0519CC13A405}.Debug|Any CPU.ActiveCfg = Debug|Any CPU
		{8D11C296-B595-46DA-A069-0519CC13A405}.Debug|Any CPU.Build.0 = Debug|Any CPU
		{8D11C296-B595-46DA-A069-0519CC13A405}.Release|Any CPU.ActiveCfg = Release|Any CPU
		{8D11C296-B595-46DA-A069-0519CC13A405}.Release|Any CPU.Build.0 = Release|Any CPU
		{E8FFC8D4-FE60-482B-BA68-CEFEDA9E6F5D}.Debug|Any CPU.ActiveCfg = Debug|Any CPU
		{E8FFC8D4-FE60-482B-BA68-CEFEDA9E6F5D}.Debug|Any CPU.Build.0 = Debug|Any CPU
		{E8FFC8D4-FE60-482B-BA68-CEFEDA9E6F5D}.Release|Any CPU.ActiveCfg = Release|Any CPU
		{E8FFC8D4-FE60-482B-BA68-CEFEDA9E6F5D}.Release|Any CPU.Build.0 = Release|Any CPU
		{8CB155A8-F161-46C5-937C-CD28FAACE7D5}.Debug|Any CPU.ActiveCfg = Debug|Any CPU
		{8CB155A8-F161-46C5-937C-CD28FAACE7D5}.Debug|Any CPU.Build.0 = Debug|Any CPU
		{8CB155A8-F161-46C5-937C-CD28FAACE7D5}.Release|Any CPU.ActiveCfg = Release|Any CPU
		{8CB155A8-F161-46C5-937C-CD28FAACE7D5}.Release|Any CPU.Build.0 = Release|Any CPU
		{AB0D2D80-DB6F-4CEC-81FB-38834B9E9D8D}.Debug|Any CPU.ActiveCfg = Debug|Any CPU
		{AB0D2D80-DB6F-4CEC-81FB-38834B9E9D8D}.Debug|Any CPU.Build.0 = Debug|Any CPU
		{AB0D2D80-DB6F-4CEC-81FB-38834B9E9D8D}.Release|Any CPU.ActiveCfg = Release|Any CPU
		{AB0D2D80-DB6F-4CEC-81FB-38834B9E9D8D}.Release|Any CPU.Build.0 = Release|Any CPU
		{BCAE58DA-13C3-420D-93FA-4DD11570D2C7}.Debug|Any CPU.ActiveCfg = Debug|Any CPU
		{BCAE58DA-13C3-420D-93FA-4DD11570D2C7}.Debug|Any CPU.Build.0 = Debug|Any CPU
		{BCAE58DA-13C3-420D-93FA-4DD11570D2C7}.Release|Any CPU.ActiveCfg = Release|Any CPU
		{BCAE58DA-13C3-420D-93FA-4DD11570D2C7}.Release|Any CPU.Build.0 = Release|Any CPU
		{BB4CBB46-F55E-4929-919E-9D64448EF210}.Debug|Any CPU.ActiveCfg = Debug|Any CPU
		{BB4CBB46-F55E-4929-919E-9D64448EF210}.Debug|Any CPU.Build.0 = Debug|Any CPU
		{BB4CBB46-F55E-4929-919E-9D64448EF210}.Release|Any CPU.ActiveCfg = Release|Any CPU
		{BB4CBB46-F55E-4929-919E-9D64448EF210}.Release|Any CPU.Build.0 = Release|Any CPU
		{E51F0A00-B4CE-4C9F-8F96-DD65FD7AB615}.Debug|Any CPU.ActiveCfg = Debug|Any CPU
		{E51F0A00-B4CE-4C9F-8F96-DD65FD7AB615}.Debug|Any CPU.Build.0 = Debug|Any CPU
		{E51F0A00-B4CE-4C9F-8F96-DD65FD7AB615}.Release|Any CPU.ActiveCfg = Release|Any CPU
		{E51F0A00-B4CE-4C9F-8F96-DD65FD7AB615}.Release|Any CPU.Build.0 = Release|Any CPU
		{EED36672-87D9-4E86-8FD5-5182B10415E1}.Debug|Any CPU.ActiveCfg = Debug|Any CPU
		{EED36672-87D9-4E86-8FD5-5182B10415E1}.Debug|Any CPU.Build.0 = Debug|Any CPU
		{EED36672-87D9-4E86-8FD5-5182B10415E1}.Release|Any CPU.ActiveCfg = Release|Any CPU
		{EED36672-87D9-4E86-8FD5-5182B10415E1}.Release|Any CPU.Build.0 = Release|Any CPU
		{9AC39424-8BAD-4534-B060-F035F6FD027B}.Debug|Any CPU.ActiveCfg = Debug|Any CPU
		{9AC39424-8BAD-4534-B060-F035F6FD027B}.Debug|Any CPU.Build.0 = Debug|Any CPU
		{9AC39424-8BAD-4534-B060-F035F6FD027B}.Release|Any CPU.ActiveCfg = Release|Any CPU
		{9AC39424-8BAD-4534-B060-F035F6FD027B}.Release|Any CPU.Build.0 = Release|Any CPU
		{84B0E1E5-42D3-49CF-A39D-EF004FDF8156}.Debug|Any CPU.ActiveCfg = Debug|Any CPU
		{84B0E1E5-42D3-49CF-A39D-EF004FDF8156}.Debug|Any CPU.Build.0 = Debug|Any CPU
		{84B0E1E5-42D3-49CF-A39D-EF004FDF8156}.Release|Any CPU.ActiveCfg = Release|Any CPU
		{84B0E1E5-42D3-49CF-A39D-EF004FDF8156}.Release|Any CPU.Build.0 = Release|Any CPU
	EndGlobalSection
	GlobalSection(SolutionProperties) = preSolution
		HideSolutionNode = FALSE
	EndGlobalSection
	GlobalSection(ExtensibilityGlobals) = postSolution
		SolutionGuid = {CB118CA0-EB0F-4E90-A712-2DE5CE81BCB7}
	EndGlobalSection
EndGlobal
